github.com/hakadoriya/z.go v0.0.0-20240829221558-e546c2f0925b h1:j0B3htUmedxGaKQMQ/WjCCcfPUOYY/D1bhOfb5c+yAA=
github.com/hakadoriya/z.go v0.0.0-20240829221558-e546c2f0925b/go.mod h1:D4gIwfJV487fYnO0qAPfoRt5stBVKUQEnOJzYWS3r+I=
github.com/hakadoriya/z.go v0.0.0-20240830004900-92c4b99f77a5 h1:QT47nnXtMMJ0H95EINVK9pYoqegiOAwmfmDNYjToIHE=
github.com/hakadoriya/z.go v0.0.0-20240830004900-92c4b99f77a5/go.mod h1:D4gIwfJV487fYnO0qAPfoRt5stBVKUQEnOJzYWS3r+I=
